Microsoft Visual Studio Solution File, Format Version 12.00
# Visual Studio Version 17
VisualStudioVersion = 17.8.34309.116
MinimumVisualStudioVersion = 10.0.40219.1
Project("{9A19103F-16F7-4668-BE54-9A1E7A4F7556}") = "TerminalEmulator.Control", "src\TerminalEmulator.Control\TerminalEmulator.Control.csproj", "{5B3C6A61-1F2E-4D7A-9C58-2E9A8D4F1A01}"
EndProject
Project("{9A19103F-16F7-4668-BE54-9A1E7A4F7556}") = "TerminalEmulator.Demo", "src\TerminalEmulator.Demo\TerminalEmulator.Demo.csproj", "{7D4E8B92-3A5C-4F1B-8E67-4C2B9E6D2B02}"
EndProject
Global
	GlobalSection(SolutionConfigurationPlatforms) = preSolution
		Debug|Any CPU = Debug|Any CPU
		Release|Any CPU = Release|Any CPU
	EndGlobalSection
	GlobalSection(ProjectConfigurationPlatforms) = postSolution
		{5B3C6A61-1F2E-4D7A-9C58-2E9A8D4F1A01}.Debug|Any CPU.ActiveCfg = Debug|Any CPU
		{5B3C6A61-1F2E-4D7A-9C58-2E9A8D4F1A01}.Debug|Any CPU.Build.0 = Debug|Any CPU
		{5B3C6A61-1F2E-4D7A-9C58-2E9A8D4F1A01}.Release|Any CPU.ActiveCfg = Release|Any CPU
		{5B3C6A61-1F2E-4D7A-9C58-2E9A8D4F1A01}.Release|Any CPU.Build.0 = Release|Any CPU
		{7D4E8B92-3A5C-4F1B-8E67-4C2B9E6D2B02}.Debug|Any CPU.ActiveCfg = Debug|Any CPU
		{7D4E8B92-3A5C-4F1B-8E67-4C2B9E6D2B02}.Debug|Any CPU.Build.0 = Debug|Any CPU
		{7D4E8B92-3A5C-4F1B-8E67-4C2B9E6D2B02}.Release|Any CPU.ActiveCfg = Release|Any CPU
		{7D4E8B92-3A5C-4F1B-8E67-4C2B9E6D2B02}.Release|Any CPU.Build.0 = Release|Any CPU
	EndGlobalSection
	GlobalSection(SolutionProperties) = preSolution
		HideSolutionNode = FALSE
	EndGlobalSection
EndGlobal
